// !$*UTF8*$!
{
	archiveVersion = 1;
	classes = {
	};
	objectVersion = 77;
	objects = {

/* Begin PBXContainerItemProxy section */
		FA9FDDA12D65298600210201 /* PBXContainerItemProxy */ = {
			isa = PBXContainerItemProxy;
			containerPortal = FA9FDD872D65298500210201 /* Project object */;
			proxyType = 1;
			remoteGlobalIDString = FA9FDD8E2D65298500210201;
			remoteInfo = cpumonitor;
		};
		FA9FDDAB2D65298600210201 /* PBXContainerItemProxy */ = {
			isa = PBXContainerItemProxy;
			containerPortal = FA9FDD872D65298500210201 /* Project object */;
			proxyType = 1;
			remoteGlobalIDString = FA9FDD8E2D65298500210201;
			remoteInfo = cpumonitor;
		};
/* End PBXContainerItemProxy section */

/* Begin PBXFileReference section */
		FA9FDD8F2D65298500210201 /* cpumonitor.app */ = {isa = PBXFileReference; explicitFileType = wrapper.application; includeInIndex = 0; path = cpumonitor.app; sourceTree = BUILT_PRODUCTS_DIR; };
		FA9FDDA02D65298600210201 /* cpumonitorTests.xctest */ = {isa = PBXFileReference; explicitFileType = wrapper.cfbundle; includeInIndex = 0; path = cpumonitorTests.xctest; sourceTree = BUILT_PRODUCTS_DIR; };
		FA9FDDAA2D65298600210201 /* cpumonitorUITests.xctest */ = {isa = PBXFileReference; explicitFileType = wrapper.cfbundle; includeInIndex = 0; path = cpumonitorUITests.xctest; sourceTree = BUILT_PRODUCTS_DIR; };
/* End PBXFileReference section */

/* Begin PBXFileSystemSynchronizedRootGroup section */
		FA9FDD912D65298500210201 /* cpumonitor */ = {
			isa = PBXFileSystemSynchronizedRootGroup;
			path = cpumonitor;
			sourceTree = "<group>";
		};
		FA9FDDA32D65298600210201 /* cpumonitorTests */ = {
			isa = PBXFileSystemSynchronizedRootGroup;
			path = cpumonitorTests;
			sourceTree = "<group>";
		};
		FA9FDDAD2D65298600210201 /* cpumonitorUITests */ = {
			isa = PBXFileSystemSynchronizedRootGroup;
			path = cpumonitorUITests;
			sourceTree = "<group>";
		};
/* End PBXFileSystemSynchronizedRootGroup section */

/* Begin PBXFrameworksBuildPhase section */
		FA9FDD8C2D65298500210201 /* Frameworks */ = {
			isa = PBXFrameworksBuildPhase;
			buildActionMask = 2147483647;
			files = (
			);
			runOnlyForDeploymentPostprocessing = 0;
		};
		FA9FDD9D2D65298600210201 /* Frameworks */ = {
			isa = PBXFrameworksBuildPhase;
			buildActionMask = 2147483647;
			files = (
			);
			runOnlyForDeploymentPostprocessing = 0;
		};
		FA9FDDA72D65298600210201 /* Frameworks */ = {
			isa = PBXFrameworksBuildPhase;
			buildActionMask = 2147483647;
			files = (
			);
			runOnlyForDeploymentPostprocessing = 0;
		};
/* End PBXFrameworksBuildPhase section */

/* Begin PBXGroup section */
		FA9FDD862D65298500210201 = {
			isa = PBXGroup;
			children = (
				FA9FDD912D65298500210201 /* cpumonitor */,
				FA9FDDA32D65298600210201 /* cpumonitorTests */,
				FA9FDDAD2D65298600210201 /* cpumonitorUITests */,
				FA9FDD902D65298500210201 /* Products */,
			);
			sourceTree = "<group>";
		};
		FA9FDD902D65298500210201 /* Products */ = {
			isa = PBXGroup;
			children = (
				FA9FDD8F2D65298500210201 /* cpumonitor.app */,
				FA9FDDA02D65298600210201 /* cpumonitorTests.xctest */,
				FA9FDDAA2D65298600210201 /* cpumonitorUITests.xctest */,
			);
			name = Products;
			sourceTree = "<group>";
		};
/* End PBXGroup section */

/* Begin PBXNativeTarget section */
		FA9FDD8E2D65298500210201 /* cpumonitor */ = {
			isa = PBXNativeTarget;
			buildConfigurationList = FA9FDDB42D65298600210201 /* Build configuration list for PBXNativeTarget "cpumonitor" */;
			buildPhases = (
				FA9FDD8D2D65298500210201 /* Resources */,
				FA9FDD8B2D65298500210201 /* Sources */,
				FA9FDD8C2D65298500210201 /* Frameworks */,
			);
			buildRules = (
			);
			dependencies = (
			);
			fileSystemSynchronizedGroups = (
				FA9FDD912D65298500210201 /* cpumonitor */,
			);
			name = cpumonitor;
			packageProductDependencies = (
			);
			productName = cpumonitor;
			productReference = FA9FDD8F2D65298500210201 /* cpumonitor.app */;
			productType = "com.apple.product-type.application";
		};
		FA9FDD9F2D65298600210201 /* cpumonitorTests */ = {
			isa = PBXNativeTarget;
			buildConfigurationList = FA9FDDB72D65298600210201 /* Build configuration list for PBXNativeTarget "cpumonitorTests" */;
			buildPhases = (
				FA9FDD9C2D65298600210201 /* Sources */,
				FA9FDD9D2D65298600210201 /* Frameworks */,
				FA9FDD9E2D65298600210201 /* Resources */,
			);
			buildRules = (
			);
			dependencies = (
				FA9FDDA22D65298600210201 /* PBXTargetDependency */,
			);
			fileSystemSynchronizedGroups = (
				FA9FDDA32D65298600210201 /* cpumonitorTests */,
			);
			name = cpumonitorTests;
			packageProductDependencies = (
			);
			productName = cpumonitorTests;
			productReference = FA9FDDA02D65298600210201 /* cpumonitorTests.xctest */;
			productType = "com.apple.product-type.bundle.unit-test";
		};
		FA9FDDA92D65298600210201 /* cpumonitorUITests */ = {
			isa = PBXNativeTarget;
			buildConfigurationList = FA9FDDBA2D65298600210201 /* Build configuration list for PBXNativeTarget "cpumonitorUITests" */;
			buildPhases = (
				FA9FDDA62D65298600210201 /* Sources */,
				FA9FDDA72D65298600210201 /* Frameworks */,
				FA9FDDA82D65298600210201 /* Resources */,
			);
			buildRules = (
			);
			dependencies = (
				FA9FDDAC2D65298600210201 /* PBXTargetDependency */,
			);
			fileSystemSynchronizedGroups = (
				FA9FDDAD2D65298600210201 /* cpumonitorUITests */,
			);
			name = cpumonitorUITests;
			packageProductDependencies = (
			);
			productName = cpumonitorUITests;
			productReference = FA9FDDAA2D65298600210201 /* cpumonitorUITests.xctest */;
			productType = "com.apple.product-type.bundle.ui-testing";
		};
/* End PBXNativeTarget section */

/* Begin PBXProject section */
		FA9FDD872D65298500210201 /* Project object */ = {
			isa = PBXProject;
			attributes = {
				BuildIndependentTargetsInParallel = 1;
				LastSwiftUpdateCheck = 1620;
				LastUpgradeCheck = 1620;
				TargetAttributes = {
					FA9FDD8E2D65298500210201 = {
						CreatedOnToolsVersion = 16.2;
					};
					FA9FDD9F2D65298600210201 = {
						CreatedOnToolsVersion = 16.2;
						TestTargetID = FA9FDD8E2D65298500210201;
					};
					FA9FDDA92D65298600210201 = {
						CreatedOnToolsVersion = 16.2;
						TestTargetID = FA9FDD8E2D65298500210201;
					};
				};
			};
			buildConfigurationList = FA9FDD8A2D65298500210201 /* Build configuration list for PBXProject "cpumonitor" */;
			developmentRegion = en;
			hasScannedForEncodings = 0;
			knownRegions = (
				en,
				Base,
			);
			mainGroup = FA9FDD862D65298500210201;
			minimizedProjectReferenceProxies = 1;
			preferredProjectObjectVersion = 77;
			productRefGroup = FA9FDD902D65298500210201 /* Products */;
			projectDirPath = "";
			projectRoot = "";
			targets = (
				FA9FDD8E2D65298500210201 /* cpumonitor */,
				FA9FDD9F2D65298600210201 /* cpumonitorTests */,
				FA9FDDA92D65298600210201 /* cpumonitorUITests */,
			);
		};
/* End PBXProject section */

/* Begin PBXResourcesBuildPhase section */
		FA9FDD8D2D65298500210201 /* Resources */ = {
			isa = PBXResourcesBuildPhase;
			buildActionMask = 2147483647;
			files = (
			);
			runOnlyForDeploymentPostprocessing = 0;
		};
		FA9FDD9E2D65298600210201 /* Resources */ = {
			isa = PBXResourcesBuildPhase;
			buildActionMask = 2147483647;
			files = (
			);
			runOnlyForDeploymentPostprocessing = 0;
		};
		FA9FDDA82D65298600210201 /* Resources */ = {
			isa = PBXResourcesBuildPhase;
			buildActionMask = 2147483647;
			files = (
			);
			runOnlyForDeploymentPostprocessing = 0;
		};
/* End PBXResourcesBuildPhase section */

/* Begin PBXSourcesBuildPhase section */
		FA9FDD8B2D65298500210201 /* Sources */ = {
			isa = PBXSourcesBuildPhase;
			buildActionMask = 2147483647;
			files = (
			);
			runOnlyForDeploymentPostprocessing = 0;
		};
		FA9FDD9C2D65298600210201 /* Sources */ = {
			isa = PBXSourcesBuildPhase;
			buildActionMask = 2147483647;
			files = (
			);
			runOnlyForDeploymentPostprocessing = 0;
		};
		FA9FDDA62D65298600210201 /* Sources */ = {
			isa = PBXSourcesBuildPhase;
			buildActionMask = 2147483647;
			files = (
			);
			runOnlyForDeploymentPostprocessing = 0;
		};
/* End PBXSourcesBuildPhase section */

/* Begin PBXTargetDependency section */
		FA9FDDA22D65298600210201 /* PBXTargetDependency */ = {
			isa = PBXTargetDependency;
			target = FA9FDD8E2D65298500210201 /* cpumonitor */;
			targetProxy = FA9FDDA12D65298600210201 /* PBXContainerItemProxy */;
		};
		FA9FDDAC2D65298600210201 /* PBXTargetDependency */ = {
			isa = PBXTargetDependency;
			target = FA9FDD8E2D65298500210201 /* cpumonitor */;
			targetProxy = FA9FDDAB2D65298600210201 /* PBXContainerItemProxy */;
		};
/* End PBXTargetDependency section */

/* Begin XCBuildConfiguration section */
		FA9FDDB22D65298600210201 /* Debug */ = {
			isa = XCBuildConfiguration;
			buildSettings = {
				ALWAYS_SEARCH_USER_PATHS = NO;
				ASSETCATALOG_COMPILER_GENERATE_SWIFT_ASSET_SYMBOL_EXTENSIONS = YES;
				CLANG_ANALYZER_NONNULL = YES;
				CLANG_ANALYZER_NUMBER_OBJECT_CONVERSION = YES_AGGRESSIVE;
				CLANG_CXX_LANGUAGE_STANDARD = "gnu++20";
				CLANG_ENABLE_MODULES = YES;
				CLANG_ENABLE_OBJC_ARC = YES;
				CLANG_ENABLE_OBJC_WEAK = YES;
				CLANG_WARN_BLOCK_CAPTURE_AUTORELEASING = YES;
				CLANG_WARN_BOOL_CONVERSION = YES;
				CLANG_WARN_COMMA = YES;
				CLANG_WARN_CONSTANT_CONVERSION = YES;
				CLANG_WARN_DEPRECATED_OBJC_IMPLEMENTATIONS = YES;
				CLANG_WARN_DIRECT_OBJC_ISA_USAGE = YES_ERROR;
				CLANG_WARN_DOCUMENTATION_COMMENTS = YES;
				CLANG_WARN_EMPTY_BODY = YES;
				CLANG_WARN_ENUM_CONVERSION = YES;
				CLANG_WARN_INFINITE_RECURSION = YES;
				CLANG_WARN_INT_CONVERSION = YES;
				CLANG_WARN_NON_LITERAL_NULL_CONVERSION = YES;
				CLANG_WARN_OBJC_IMPLICIT_RETAIN_SELF = YES;
				CLANG_WARN_OBJC_LITERAL_CONVERSION = YES;
				CLANG_WARN_OBJC_ROOT_CLASS = YES_ERROR;
				CLANG_WARN_QUOTED_INCLUDE_IN_FRAMEWORK_HEADER = YES;
				CLANG_WARN_RANGE_LOOP_ANALYSIS = YES;
				CLANG_WARN_STRICT_PROTOTYPES = YES;
				CLANG_WARN_SUSPICIOUS_MOVE = YES;
				CLANG_WARN_UNGUARDED_AVAILABILITY = YES_AGGRESSIVE;
				CLANG_WARN_UNREACHABLE_CODE = YES;
				CLANG_WARN__DUPLICATE_METHOD_MATCH = YES;
				COPY_PHASE_STRIP = NO;
				DEBUG_INFORMATION_FORMAT = dwarf;
				ENABLE_STRICT_OBJC_MSGSEND = YES;
				ENABLE_TESTABILITY = YES;
				ENABLE_USER_SCRIPT_SANDBOXING = YES;
				GCC_C_LANGUAGE_STANDARD = gnu17;
				GCC_DYNAMIC_NO_PIC = NO;
				GCC_NO_COMMON_BLOCKS = YES;
				GCC_OPTIMIZATION_LEVEL = 0;
				GCC_PREPROCESSOR_DEFINITIONS = (
					"DEBUG=1",
					"$(inherited)",
				);
				GCC_WARN_64_TO_32_BIT_CONVERSION = YES;
				GCC_WARN_ABOUT_RETURN_TYPE = YES_ERROR;
				GCC_WARN_UNDECLARED_SELECTOR = YES;
				GCC_WARN_UNINITIALIZED_AUTOS = YES_AGGRESSIVE;
				GCC_WARN_UNUSED_FUNCTION = YES;
				GCC_WARN_UNUSED_VARIABLE = YES;
				LOCALIZATION_PREFERS_STRING_CATALOGS = YES;
				MACOSX_DEPLOYMENT_TARGET = 15.2;
				MTL_ENABLE_DEBUG_INFO = INCLUDE_SOURCE;
				MTL_FAST_MATH = YES;
				ONLY_ACTIVE_ARCH = YES;
				SDKROOT = macosx;
				SWIFT_ACTIVE_COMPILATION_CONDITIONS = "DEBUG $(inherited)";
				SWIFT_OPTIMIZATION_LEVEL = "-Onone";
			};
			name = Debug;
		};
		FA9FDDB32D65298600210201 /* Release */ = {
			isa = XCBuildConfiguration;
			buildSettings = {
				ALWAYS_SEARCH_USER_PATHS = NO;
				ASSETCATALOG_COMPILER_GENERATE_SWIFT_ASSET_SYMBOL_EXTENSIONS = YES;
				CLANG_ANALYZER_NONNULL = YES;
				CLANG_ANALYZER_NUMBER_OBJECT_CONVERSION = YES_AGGRESSIVE;
				CLANG_CXX_LANGUAGE_STANDARD = "gnu++20";
				CLANG_ENABLE_MODULES = YES;
				CLANG_ENABLE_OBJC_ARC = YES;
				CLANG_ENABLE_OBJC_WEAK = YES;
				CLANG_WARN_BLOCK_CAPTURE_AUTORELEASING = YES;
				CLANG_WARN_BOOL_CONVERSION = YES;
				CLANG_WARN_COMMA = YES;
				CLANG_WARN_CONSTANT_CONVERSION = YES;
				CLANG_WARN_DEPRECATED_OBJC_IMPLEMENTATIONS = YES;
				CLANG_WARN_DIRECT_OBJC_ISA_USAGE = YES_ERROR;
				CLANG_WARN_DOCUMENTATION_COMMENTS = YES;
				CLANG_WARN_EMPTY_BODY = YES;
				CLANG_WARN_ENUM_CONVERSION = YES;
				CLANG_WARN_INFINITE_RECURSION = YES;
				CLANG_WARN_INT_CONVERSION = YES;
				CLANG_WARN_NON_LITERAL_NULL_CONVERSION = YES;
				CLANG_WARN_OBJC_IMPLICIT_RETAIN_SELF = YES;
				CLANG_WARN_OBJC_LITERAL_CONVERSION = YES;
				CLANG_WARN_OBJC_ROOT_CLASS = YES_ERROR;
				CLANG_WARN_QUOTED_INCLUDE_IN_FRAMEWORK_HEADER = YES;
				CLANG_WARN_RANGE_LOOP_ANALYSIS = YES;
				CLANG_WARN_STRICT_PROTOTYPES = YES;
				CLANG_WARN_SUSPICIOUS_MOVE = YES;
				CLANG_WARN_UNGUARDED_AVAILABILITY = YES_AGGRESSIVE;
				CLANG_WARN_UNREACHABLE_CODE = YES;
				CLANG_WARN__DUPLICATE_METHOD_MATCH = YES;
				COPY_PHASE_STRIP = NO;
				DEBUG_INFORMATION_FORMAT = "dwarf-with-dsym";
				ENABLE_NS_ASSERTIONS = NO;
				ENABLE_STRICT_OBJC_MSGSEND = YES;
				ENABLE_USER_SCRIPT_SANDBOXING = YES;
				GCC_C_LANGUAGE_STANDARD = gnu17;
				GCC_NO_COMMON_BLOCKS = YES;
				GCC_WARN_64_TO_32_BIT_CONVERSION = YES;
				GCC_WARN_ABOUT_RETURN_TYPE = YES_ERROR;
				GCC_WARN_UNDECLARED_SELECTOR = YES;
				GCC_WARN_UNINITIALIZED_AUTOS = YES_AGGRESSIVE;
				GCC_WARN_UNUSED_FUNCTION = YES;
				GCC_WARN_UNUSED_VARIABLE = YES;
				LOCALIZATION_PREFERS_STRING_CATALOGS = YES;
				MACOSX_DEPLOYMENT_TARGET = 15.2;
				MTL_ENABLE_DEBUG_INFO = NO;
				MTL_FAST_MATH = YES;
				SDKROOT = macosx;
				SWIFT_COMPILATION_MODE = wholemodule;
			};
			name = Release;
		};
		FA9FDDB52D65298600210201 /* Debug */ = {
			isa = XCBuildConfiguration;
			buildSettings = {
				ASSETCATALOG_COMPILER_APPICON_NAME = AppIcon;
				ASSETCATALOG_COMPILER_GLOBAL_ACCENT_COLOR_NAME = AccentColor;
				ASSETCATALOG_COMPILER_INCLUDE_ALL_APPICON_ASSETS = YES;
				CODE_SIGN_ENTITLEMENTS = cpumonitor/cpumonitor.entitlements;
				CODE_SIGN_STYLE = Automatic;
				COMBINE_HIDPI_IMAGES = YES;
				CURRENT_PROJECT_VERSION = 1;
				DEVELOPMENT_ASSET_PATHS = "\"cpumonitor/Preview Content\"";
				ENABLE_PREVIEWS = YES;
				GENERATE_INFOPLIST_FILE = YES;
				INFOPLIST_KEY_CFBundleDisplayName = "CPU Monitor";
				INFOPLIST_KEY_LSApplicationCategoryType = "public.app-category.developer-tools";
				INFOPLIST_KEY_NSHumanReadableCopyright = "";
				LD_RUNPATH_SEARCH_PATHS = (
					"$(inherited)",
					"@executable_path/../Frameworks",
				);
				MACOSX_DEPLOYMENT_TARGET = 13.5;
				MARKETING_VERSION = 1.2;
				PRODUCT_BUNDLE_IDENTIFIER = org.cpumonitor;
				PRODUCT_NAME = "$(TARGET_NAME)";
				SWIFT_EMIT_LOC_STRINGS = YES;
				SWIFT_VERSION = 5.0;
			};
			name = Debug;
		};
		FA9FDDB62D65298600210201 /* Release */ = {
			isa = XCBuildConfiguration;
			buildSettings = {
				ASSETCATALOG_COMPILER_APPICON_NAME = AppIcon;
				ASSETCATALOG_COMPILER_GLOBAL_ACCENT_COLOR_NAME = AccentColor;
				ASSETCATALOG_COMPILER_INCLUDE_ALL_APPICON_ASSETS = YES;
				CODE_SIGN_ENTITLEMENTS = cpumonitor/cpumonitor.entitlements;
				CODE_SIGN_STYLE = Automatic;
				COMBINE_HIDPI_IMAGES = YES;
				CURRENT_PROJECT_VERSION = 1;
				DEVELOPMENT_ASSET_PATHS = "\"cpumonitor/Preview Content\"";
				ENABLE_PREVIEWS = YES;
				GENERATE_INFOPLIST_FILE = YES;
				INFOPLIST_KEY_CFBundleDisplayName = "CPU Monitor";
				INFOPLIST_KEY_LSApplicationCategoryType = "public.app-category.developer-tools";
				INFOPLIST_KEY_NSHumanReadableCopyright = "";
				LD_RUNPATH_SEARCH_PATHS = (
					"$(inherited)",
					"@executable_path/../Frameworks",
				);
				MACOSX_DEPLOYMENT_TARGET = 13.5;
				MARKETING_VERSION = 1.2;
				PRODUCT_BUNDLE_IDENTIFIER = org.cpumonitor;
				PRODUCT_NAME = "$(TARGET_NAME)";
				SWIFT_EMIT_LOC_STRINGS = YES;
				SWIFT_VERSION = 5.0;
			};
			name = Release;
		};
		FA9FDDB82D65298600210201 /* Debug */ = {
			isa = XCBuildConfiguration;
			buildSettings = {
				BUNDLE_LOADER = "$(TEST_HOST)";
				CODE_SIGN_STYLE = Automatic;
				CURRENT_PROJECT_VERSION = 1;
				GENERATE_INFOPLIST_FILE = YES;
				MACOSX_DEPLOYMENT_TARGET = 15.2;
				MARKETING_VERSION = 1.0;
				PRODUCT_BUNDLE_IDENTIFIER = org.cpumonitorTests;
				PRODUCT_NAME = "$(TARGET_NAME)";
				SWIFT_EMIT_LOC_STRINGS = NO;
				SWIFT_VERSION = 5.0;
				TEST_HOST = "$(BUILT_PRODUCTS_DIR)/cpumonitor.app/$(BUNDLE_EXECUTABLE_FOLDER_PATH)/cpumonitor";
			};
			name = Debug;
		};
		FA9FDDB92D65298600210201 /* Release */ = {
			isa = XCBuildConfiguration;
			buildSettings = {
				BUNDLE_LOADER = "$(TEST_HOST)";
				CODE_SIGN_STYLE = Automatic;
				CURRENT_PROJECT_VERSION = 1;
				GENERATE_INFOPLIST_FILE = YES;
				MACOSX_DEPLOYMENT_TARGET = 15.2;
				MARKETING_VERSION = 1.0;
				PRODUCT_BUNDLE_IDENTIFIER = org.cpumonitorTests;
				PRODUCT_NAME = "$(TARGET_NAME)";
				SWIFT_EMIT_LOC_STRINGS = NO;
				SWIFT_VERSION = 5.0;
				TEST_HOST = "$(BUILT_PRODUCTS_DIR)/cpumonitor.app/$(BUNDLE_EXECUTABLE_FOLDER_PATH)/cpumonitor";
			};
			name = Release;
		};
		FA9FDDBB2D65298600210201 /* Debug */ = {
			isa = XCBuildConfiguration;
			buildSettings = {
				CODE_SIGN_STYLE = Automatic;
				CURRENT_PROJECT_VERSION = 1;
				GENERATE_INFOPLIST_FILE = YES;
				MARKETING_VERSION = 1.0;
				PRODUCT_BUNDLE_IDENTIFIER = org.cpumonitorUITests;
				PRODUCT_NAME = "$(TARGET_NAME)";
				SWIFT_EMIT_LOC_STRINGS = NO;
				SWIFT_VERSION = 5.0;
				TEST_TARGET_NAME = cpumonitor;
			};
			name = Debug;
		};
		FA9FDDBC2D65298600210201 /* Release */ = {
			isa = XCBuildConfiguration;
			buildSettings = {
				CODE_SIGN_STYLE = Automatic;
				CURRENT_PROJECT_VERSION = 1;
				GENERATE_INFOPLIST_FILE = YES;
				MARKETING_VERSION = 1.0;
				PRODUCT_BUNDLE_IDENTIFIER = org.cpumonitorUITests;
				PRODUCT_NAME = "$(TARGET_NAME)";
				SWIFT_EMIT_LOC_STRINGS = NO;
				SWIFT_VERSION = 5.0;
				TEST_TARGET_NAME = cpumonitor;
			};
			name = Release;
		};
/* End XCBuildConfiguration section */

/* Begin XCConfigurationList section */
		FA9FDD8A2D65298500210201 /* Build configuration list for PBXProject "cpumonitor" */ = {
			isa = XCConfigurationList;
			buildConfigurations = (
				FA9FDDB22D65298600210201 /* Debug */,
				FA9FDDB32D65298600210201 /* Release */,
			);
			defaultConfigurationIsVisible = 0;
			defaultConfigurationName = Release;
		};
		FA9FDDB42D65298600210201 /* Build configuration list for PBXNativeTarget "cpumonitor" */ = {
			isa = XCConfigurationList;
			buildConfigurations = (
				FA9FDDB52D65298600210201 /* Debug */,
				FA9FDDB62D65298600210201 /* Release */,
			);
			defaultConfigurationIsVisible = 0;
			defaultConfigurationName = Release;
		};
		FA9FDDB72D65298600210201 /* Build configuration list for PBXNativeTarget "cpumonitorTests" */ = {
			isa = XCConfigurationList;
			buildConfigurations = (
				FA9FDDB82D65298600210201 /* Debug */,
				FA9FDDB92D65298600210201 /* Release */,
			);
			defaultConfigurationIsVisible = 0;
			defaultConfigurationName = Release;
		};
		FA9FDDBA2D65298600210201 /* Build configuration list for PBXNativeTarget "cpumonitorUITests" */ = {
			isa = XCConfigurationList;
			buildConfigurations = (
				FA9FDDBB2D65298600210201 /* Debug */,
				FA9FDDBC2D65298600210201 /* Release */,
			);
			defaultConfigurationIsVisible = 0;
			defaultConfigurationName = Release;
		};
/* End XCConfigurationList section */
	};
	rootObject = FA9FDD872D65298500210201 /* Project object */;
}
